
Microsoft Visual Studio Solution File, Format Version 12.00
# Visual Studio Version 17
VisualStudioVersion = 17.0.31903.59
MinimumVisualStudioVersion = 10.0.40219.1
Project("{2150E333-8FDC-42A3-9474-1A3956D46DE8}") = "src", "src", "{D2C0FDBC-20CC-443F-8A0C-BEE504E4610D}"
EndProject
Project("{FAE04EC0-301F-11D3-BF4B-00C04F79EFBC}") = "TrollIt.Api", "src\TrollIt.Api\TrollIt.Api.csproj", "{1C492198-5486-4450-B06A-905A3E350BBC}"
EndProject
Project("{FAE04EC0-301F-11D3-BF4B-00C04F79EFBC}") = "TrollIt.Application", "src\TrollIt.Application\TrollIt.Application.csproj", "{7AFD90C9-A460-48A5-A9BF-ECA1295C8EF1}"
EndProject
Project("{FAE04EC0-301F-11D3-BF4B-00C04F79EFBC}") = "TrollIt.Domain", "src\TrollIt.Domain\TrollIt.Domain.csproj", "{EAD71CC1-9096-4868-8CF2-472A51CA21C2}"
EndProject
Project("{FAE04EC0-301F-11D3-BF4B-00C04F79EFBC}") = "Core.Exceptions", "src\Core.Exceptions\Core.Exceptions.csproj", "{391B4493-5CAB-460A-9410-DBEFD3479089}"
EndProject
Project("{FAE04EC0-301F-11D3-BF4B-00C04F79EFBC}") = "TrollIt.Infrastructure", "src\TrollIt.Infrastructure\TrollIt.Infrastructure.csproj", "{8A4B3140-CFA7-4938-B40A-94C4E78BD503}"
EndProject
Project("{2150E333-8FDC-42A3-9474-1A3956D46DE8}") = "tests", "tests", "{163F37BA-6964-470D-9728-479E3AC083AD}"
EndProject
Project("{FAE04EC0-301F-11D3-BF4B-00C04F79EFBC}") = "TrollIt.Domain.Tests", "tests\TrollIt.Domain.Tests\TrollIt.Domain.Tests.csproj", "{6CC934C4-1482-426A-B060-714E58BA0C6F}"
EndProject
Project("{FAE04EC0-301F-11D3-BF4B-00C04F79EFBC}") = "TrollIt.Application.Tests", "tests\TrollIt.Application.Tests\TrollIt.Application.Tests.csproj", "{61D1ADF1-2869-4F32-98F3-769BB624F033}"
EndProject
Project("{FAE04EC0-301F-11D3-BF4B-00C04F79EFBC}") = "TrollIt.Infrastructure.Tests", "tests\TrollIt.Infrastructure.Tests\TrollIt.Infrastructure.Tests.csproj", "{6C22E315-1649-4DDC-9EB8-2BB93D3EEBA3}"
EndProject
Global
	GlobalSection(SolutionConfigurationPlatforms) = preSolution
		Debug|Any CPU = Debug|Any CPU
		Release|Any CPU = Release|Any CPU
	EndGlobalSection
	GlobalSection(SolutionProperties) = preSolution
		HideSolutionNode = FALSE
	EndGlobalSection
	GlobalSection(ProjectConfigurationPlatforms) = postSolution
		{1C492198-5486-4450-B06A-905A3E350BBC}.Debug|Any CPU.ActiveCfg = Debug|Any CPU
		{1C492198-5486-4450-B06A-905A3E350BBC}.Debug|Any CPU.Build.0 = Debug|Any CPU
		{1C492198-5486-4450-B06A-905A3E350BBC}.Release|Any CPU.ActiveCfg = Release|Any CPU
		{1C492198-5486-4450-B06A-905A3E350BBC}.Release|Any CPU.Build.0 = Release|Any CPU
		{7AFD90C9-A460-48A5-A9BF-ECA1295C8EF1}.Debug|Any CPU.ActiveCfg = Debug|Any CPU
		{7AFD90C9-A460-48A5-A9BF-ECA1295C8EF1}.Debug|Any CPU.Build.0 = Debug|Any CPU
		{7AFD90C9-A460-48A5-A9BF-ECA1295C8EF1}.Release|Any CPU.ActiveCfg = Release|Any CPU
		{7AFD90C9-A460-48A5-A9BF-ECA1295C8EF1}.Release|Any CPU.Build.0 = Release|Any CPU
		{EAD71CC1-9096-4868-8CF2-472A51CA21C2}.Debug|Any CPU.ActiveCfg = Debug|Any CPU
		{EAD71CC1-9096-4868-8CF2-472A51CA21C2}.Debug|Any CPU.Build.0 = Debug|Any CPU
		{EAD71CC1-9096-4868-8CF2-472A51CA21C2}.Release|Any CPU.ActiveCfg = Release|Any CPU
		{EAD71CC1-9096-4868-8CF2-472A51CA21C2}.Release|Any CPU.Build.0 = Release|Any CPU
		{391B4493-5CAB-460A-9410-DBEFD3479089}.Debug|Any CPU.ActiveCfg = Debug|Any CPU
		{391B4493-5CAB-460A-9410-DBEFD3479089}.Debug|Any CPU.Build.0 = Debug|Any CPU
		{391B4493-5CAB-460A-9410-DBEFD3479089}.Release|Any CPU.ActiveCfg = Release|Any CPU
		{391B4493-5CAB-460A-9410-DBEFD3479089}.Release|Any CPU.Build.0 = Release|Any CPU
		{8A4B3140-CFA7-4938-B40A-94C4E78BD503}.Debug|Any CPU.ActiveCfg = Debug|Any CPU
		{8A4B3140-CFA7-4938-B40A-94C4E78BD503}.Debug|Any CPU.Build.0 = Debug|Any CPU
		{8A4B3140-CFA7-4938-B40A-94C4E78BD503}.Release|Any CPU.ActiveCfg = Release|Any CPU
		{8A4B3140-CFA7-4938-B40A-94C4E78BD503}.Release|Any CPU.Build.0 = Release|Any CPU
		{6CC934C4-1482-426A-B060-714E58BA0C6F}.Debug|Any CPU.ActiveCfg = Debug|Any CPU
		{6CC934C4-1482-426A-B060-714E58BA0C6F}.Debug|Any CPU.Build.0 = Debug|Any CPU
		{6CC934C4-1482-426A-B060-714E58BA0C6F}.Release|Any CPU.ActiveCfg = Release|Any CPU
		{6CC934C4-1482-426A-B060-714E58BA0C6F}.Release|Any CPU.Build.0 = Release|Any CPU
		{61D1ADF1-2869-4F32-98F3-769BB624F033}.Debug|Any CPU.ActiveCfg = Debug|Any CPU
		{61D1ADF1-2869-4F32-98F3-769BB624F033}.Debug|Any CPU.Build.0 = Debug|Any CPU
		{61D1ADF1-2869-4F32-98F3-769BB624F033}.Release|Any CPU.ActiveCfg = Release|Any CPU
		{61D1ADF1-2869-4F32-98F3-769BB624F033}.Release|Any CPU.Build.0 = Release|Any CPU
		{6C22E315-1649-4DDC-9EB8-2BB93D3EEBA3}.Debug|Any CPU.ActiveCfg = Debug|Any CPU
		{6C22E315-1649-4DDC-9EB8-2BB93D3EEBA3}.Debug|Any CPU.Build.0 = Debug|Any CPU
		{6C22E315-1649-4DDC-9EB8-2BB93D3EEBA3}.Release|Any CPU.ActiveCfg = Release|Any CPU
		{6C22E315-1649-4DDC-9EB8-2BB93D3EEBA3}.Release|Any CPU.Build.0 = Release|Any CPU
	EndGlobalSection
	GlobalSection(NestedProjects) = preSolution
		{1C492198-5486-4450-B06A-905A3E350BBC} = {D2C0FDBC-20CC-443F-8A0C-BEE504E4610D}
		{7AFD90C9-A460-48A5-A9BF-ECA1295C8EF1} = {D2C0FDBC-20CC-443F-8A0C-BEE504E4610D}
		{EAD71CC1-9096-4868-8CF2-472A51CA21C2} = {D2C0FDBC-20CC-443F-8A0C-BEE504E4610D}
		{391B4493-5CAB-460A-9410-DBEFD3479089} = {D2C0FDBC-20CC-443F-8A0C-BEE504E4610D}
		{8A4B3140-CFA7-4938-B40A-94C4E78BD503} = {D2C0FDBC-20CC-443F-8A0C-BEE504E4610D}
		{6CC934C4-1482-426A-B060-714E58BA0C6F} = {163F37BA-6964-470D-9728-479E3AC083AD}
		{61D1ADF1-2869-4F32-98F3-769BB624F033} = {163F37BA-6964-470D-9728-479E3AC083AD}
		{6C22E315-1649-4DDC-9EB8-2BB93D3EEBA3} = {163F37BA-6964-470D-9728-479E3AC083AD}
	EndGlobalSection
EndGlobal
